
Microsoft Visual Studio Solution File, Format Version 12.00
# Visual Studio Version 17
VisualStudioVersion = 17.7.34202.233
MinimumVisualStudioVersion = 10.0.40219.1
Project("{8BC9CEB8-8B4A-11D0-8D11-00A0C91BC942}") = "AltF4Enforcer", "AltF4Enforcer\AltF4Enforcer.vcxproj", "{93636432-2F9A-4BD3-BF58-1FA4C7D7BAFB}"
EndProject
Global
	GlobalSection(SolutionConfigurationPlatforms) = preSolution
		Debug|x64 = Debug|x64
		Debug|x86 = Debug|x86
		Release|x64 = Release|x64
		Release|x86 = Release|x86
	EndGlobalSection
	GlobalSection(ProjectConfigurationPlatforms) = postSolution
		{93636432-2F9A-4BD3-BF58-1FA4C7D7BAFB}.Debug|x64.ActiveCfg = Debug|x64
		{93636432-2F9A-4BD3-BF58-1FA4C7D7BAFB}.Debug|x64.Build.0 = Debug|x64
		{93636432-2F9A-4BD3-BF58-1FA4C7D7BAFB}.Debug|x86.ActiveCfg = Debug|Win32
		{93636432-2F9A-4BD3-BF58-1FA4C7D7BAFB}.Debug|x86.Build.0 = Debug|Win32
		{93636432-2F9A-4BD3-BF58-1FA4C7D7BAFB}.Release|x64.ActiveCfg = Release|x64
		{93636432-2F9A-4BD3-BF58-1FA4C7D7BAFB}.Release|x64.Build.0 = Release|x64
		{93636432-2F9A-4BD3-BF58-1FA4C7D7BAFB}.Release|x86.ActiveCfg = Release|Win32
		{93636432-2F9A-4BD3-BF58-1FA4C7D7BAFB}.Release|x86.Build.0 = Release|Win32
	EndGlobalSection
	GlobalSection(SolutionProperties) = preSolution
		HideSolutionNode = FALSE
	EndGlobalSection
	GlobalSection(ExtensibilityGlobals) = postSolution
		SolutionGuid = {74837962-794F-4106-86DA-34C0D1931E75}
	EndGlobalSection
EndGlobal
